// !$*UTF8*$!
{
	"archiveVersion" = 1;
	"classes" = {
	};
	"objectVersion" = 56;
	"objects" = {
		"F40E06A43B6A600C0C229433" = {
			"isa" = "PBXFileReference";
			"explicitFileType" = "wrapper.application";
			"includeInIndex" = 0;
			"path" = "Wave.app";
			"sourceTree" = "BUILT_PRODUCTS_DIR";
		};
		"C83989503CE788E72DA832AC" = {
			"isa" = "PBXFileReference";
			"explicitFileType" = "wrapper.cfbundle";
			"includeInIndex" = 0;
			"path" = "WaveTests.xctest";
			"sourceTree" = "BUILT_PRODUCTS_DIR";
		};
		"7EACB3388F04118E86A47161" = {
			"isa" = "PBXFileReference";
			"lastKnownFileType" = "sourcecode.swift";
			"path" = "DeviceMusicLibrary.swift";
			"sourceTree" = "<group>";
		};
		"22BB843DDA24E90962FA5408" = {
			"isa" = "PBXBuildFile";
			"fileRef" = "7EACB3388F04118E86A47161";
		};
		"BDA09220AF68B55978782EC2" = {
			"isa" = "PBXFileReference";
			"lastKnownFileType" = "sourcecode.swift";
			"path" = "DiscoverView.swift";
			"sourceTree" = "<group>";
		};
		"8B7AF9E787FDC47C42B77116" = {
			"isa" = "PBXBuildFile";
			"fileRef" = "BDA09220AF68B55978782EC2";
		};
		"219E405C2216C2E52AC297C8" = {
			"isa" = "PBXFileReference";
			"lastKnownFileType" = "sourcecode.swift";
			"path" = "LibraryComponents.swift";
			"sourceTree" = "<group>";
		};
		"BF096EB2FB9E2D3107290CA8" = {
			"isa" = "PBXBuildFile";
			"fileRef" = "219E405C2216C2E52AC297C8";
		};
		"F6AE52322DC9FAD9F2001A49" = {
			"isa" = "PBXFileReference";
			"lastKnownFileType" = "sourcecode.swift";
			"path" = "LibraryPreferences.swift";
			"sourceTree" = "<group>";
		};
		"97C7FBFB18089F5A6706CDFB" = {
			"isa" = "PBXBuildFile";
			"fileRef" = "F6AE52322DC9FAD9F2001A49";
		};
		"C53082E8CCF8F189042EB170" = {
			"isa" = "PBXFileReference";
			"lastKnownFileType" = "sourcecode.swift";
			"path" = "LocalFolderBrowser.swift";
			"sourceTree" = "<group>";
		};
		"09E831D8FDE79F2D009C2728" = {
			"isa" = "PBXBuildFile";
			"fileRef" = "C53082E8CCF8F189042EB170";
		};
		"1F53C44CF1F18BEA25927FF6" = {
			"isa" = "PBXFileReference";
			"lastKnownFileType" = "sourcecode.swift";
			"path" = "LocalLibrary.swift";
			"sourceTree" = "<group>";
		};
		"F7AEA5321EAFCFF8605C1795" = {
			"isa" = "PBXBuildFile";
			"fileRef" = "1F53C44CF1F18BEA25927FF6";
		};
		"503A7474E4C9B49507539926" = {
			"isa" = "PBXFileReference";
			"lastKnownFileType" = "sourcecode.swift";
			"path" = "PlayerViews.swift";
			"sourceTree" = "<group>";
		};
		"4D40B22763E831A776DBEE3F" = {
			"isa" = "PBXBuildFile";
			"fileRef" = "503A7474E4C9B49507539926";
		};
		"721F41ADCC428C4B6F7B4E48" = {
			"isa" = "PBXFileReference";
			"lastKnownFileType" = "sourcecode.swift";
			"path" = "PlaylistLibraryView.swift";
			"sourceTree" = "<group>";
		};
		"F7EB7AF36EE23B65142286CF" = {
			"isa" = "PBXBuildFile";
			"fileRef" = "721F41ADCC428C4B6F7B4E48";
		};
		"AB7DB711824D3BC3ECDF21EA" = {
			"isa" = "PBXFileReference";
			"lastKnownFileType" = "sourcecode.swift";
			"path" = "SpotifyView.swift";
			"sourceTree" = "<group>";
		};
		"A9DCE736B75A24E9ACF87623" = {
			"isa" = "PBXBuildFile";
			"fileRef" = "AB7DB711824D3BC3ECDF21EA";
		};
		"E54A5E50AF589F6926D3EF7A" = {
			"isa" = "PBXFileReference";
			"lastKnownFileType" = "sourcecode.swift";
			"path" = "WaveAPI.swift";
			"sourceTree" = "<group>";
		};
		"685B33967746CF8C60A35ECE" = {
			"isa" = "PBXBuildFile";
			"fileRef" = "E54A5E50AF589F6926D3EF7A";
		};
		"328A6AFA30DCC158DFA1E8F2" = {
			"isa" = "PBXFileReference";
			"lastKnownFileType" = "sourcecode.swift";
			"path" = "WaveApp.swift";
			"sourceTree" = "<group>";
		};
		"202D137F4F1C3D86020B3261" = {
			"isa" = "PBXBuildFile";
			"fileRef" = "328A6AFA30DCC158DFA1E8F2";
		};
		"ACC0446C32F35340A46CE903" = {
			"isa" = "PBXFileReference";
			"lastKnownFileType" = "sourcecode.swift";
			"path" = "WaveMiniPlayerMetrics.swift";
			"sourceTree" = "<group>";
		};
		"66473FCD65DC7242C1815C6C" = {
			"isa" = "PBXBuildFile";
			"fileRef" = "ACC0446C32F35340A46CE903";
		};
		"7042504761056DF0BA7CB927" = {
			"isa" = "PBXFileReference";
			"lastKnownFileType" = "sourcecode.swift";
			"path" = "WaveNavigation.swift";
			"sourceTree" = "<group>";
		};
		"DD77DA611329D98E951B4E13" = {
			"isa" = "PBXBuildFile";
			"fileRef" = "7042504761056DF0BA7CB927";
		};
		"C832D562E71CD018BDE5402B" = {
			"isa" = "PBXFileReference";
			"lastKnownFileType" = "sourcecode.swift";
			"path" = "WavePlayer.swift";
			"sourceTree" = "<group>";
		};
		"B3791C73D3B0F3AC901CCECA" = {
			"isa" = "PBXBuildFile";
			"fileRef" = "C832D562E71CD018BDE5402B";
		};
		"F5F194908966C9EB4BB6D518" = {
			"isa" = "PBXFileReference";
			"lastKnownFileType" = "sourcecode.swift";
			"path" = "WaveTheme.swift";
			"sourceTree" = "<group>";
		};
		"CAB69551B511984CCAED6ADA" = {
			"isa" = "PBXBuildFile";
			"fileRef" = "F5F194908966C9EB4BB6D518";
		};
		"5A1366E40A8F1BB86C9030D1" = {
			"isa" = "PBXFileReference";
			"lastKnownFileType" = "sourcecode.swift";
			"path" = "WaveformView.swift";
			"sourceTree" = "<group>";
		};
		"6394635874F0CA904ED3897D" = {
			"isa" = "PBXBuildFile";
			"fileRef" = "5A1366E40A8F1BB86C9030D1";
		};
		"2E5B5A2640EEA2B556E3063F" = {
			"isa" = "PBXGroup";
			"children" = (
				"7EACB3388F04118E86A47161",
				"BDA09220AF68B55978782EC2",
				"219E405C2216C2E52AC297C8",
				"F6AE52322DC9FAD9F2001A49",
				"C53082E8CCF8F189042EB170",
				"1F53C44CF1F18BEA25927FF6",
				"503A7474E4C9B49507539926",
				"721F41ADCC428C4B6F7B4E48",
				"AB7DB711824D3BC3ECDF21EA",
				"E54A5E50AF589F6926D3EF7A",
				"328A6AFA30DCC158DFA1E8F2",
				"ACC0446C32F35340A46CE903",
				"7042504761056DF0BA7CB927",
				"C832D562E71CD018BDE5402B",
				"F5F194908966C9EB4BB6D518",
				"5A1366E40A8F1BB86C9030D1",
			);
			"path" = "Wave";
			"sourceTree" = "<group>";
		};
		"6CAEF9BD1CC225D0D773FB8E" = {
			"isa" = "PBXSourcesBuildPhase";
			"buildActionMask" = 2147483647;
			"files" = (
				"22BB843DDA24E90962FA5408",
				"8B7AF9E787FDC47C42B77116",
				"BF096EB2FB9E2D3107290CA8",
				"97C7FBFB18089F5A6706CDFB",
				"09E831D8FDE79F2D009C2728",
				"F7AEA5321EAFCFF8605C1795",
				"4D40B22763E831A776DBEE3F",
				"F7EB7AF36EE23B65142286CF",
				"A9DCE736B75A24E9ACF87623",
				"685B33967746CF8C60A35ECE",
				"202D137F4F1C3D86020B3261",
				"66473FCD65DC7242C1815C6C",
				"DD77DA611329D98E951B4E13",
				"B3791C73D3B0F3AC901CCECA",
				"CAB69551B511984CCAED6ADA",
				"6394635874F0CA904ED3897D",
			);
			"runOnlyForDeploymentPostprocessing" = 0;
		};
		"0D37A43789A53AE543B5C857" = {
			"isa" = "PBXFrameworksBuildPhase";
			"buildActionMask" = 2147483647;
			"files" = (
			);
			"runOnlyForDeploymentPostprocessing" = 0;
		};
		"D46CD337E140AE69A37F844F" = {
			"isa" = "PBXResourcesBuildPhase";
			"buildActionMask" = 2147483647;
			"files" = (
			);
			"runOnlyForDeploymentPostprocessing" = 0;
		};
		"144228E8C0C7EC621C95B587" = {
			"isa" = "PBXFileReference";
			"lastKnownFileType" = "sourcecode.swift";
			"path" = "DiscoverTests.swift";
			"sourceTree" = "<group>";
		};
		"D28F1B1138D96A8A47BBAEF0" = {
			"isa" = "PBXBuildFile";
			"fileRef" = "144228E8C0C7EC621C95B587";
		};
		"F2182E693135FCC4FE56A346" = {
			"isa" = "PBXFileReference";
			"lastKnownFileType" = "sourcecode.swift";
			"path" = "LibraryPreferencesTests.swift";
			"sourceTree" = "<group>";
		};
		"C3DAC4B44C0FB67A0111F48A" = {
			"isa" = "PBXBuildFile";
			"fileRef" = "F2182E693135FCC4FE56A346";
		};
		"3BE3C8638A19C8A21EF9B5AB" = {
			"isa" = "PBXFileReference";
			"lastKnownFileType" = "sourcecode.swift";
			"path" = "LocalLibraryTests.swift";
			"sourceTree" = "<group>";
		};
		"4F1F29ACB2101D2C79721018" = {
			"isa" = "PBXBuildFile";
			"fileRef" = "3BE3C8638A19C8A21EF9B5AB";
		};
		"FE404EAE53A59C94E5B8C9B0" = {
			"isa" = "PBXFileReference";
			"lastKnownFileType" = "sourcecode.swift";
			"path" = "MiniPlayerLayoutTests.swift";
			"sourceTree" = "<group>";
		};
		"E6CBA3B56557F8E4D3258404" = {
			"isa" = "PBXBuildFile";
			"fileRef" = "FE404EAE53A59C94E5B8C9B0";
		};
		"D33ABE71811F44994AFE3116" = {
			"isa" = "PBXFileReference";
			"lastKnownFileType" = "sourcecode.swift";
			"path" = "PlaybackResponsivenessTests.swift";
			"sourceTree" = "<group>";
		};
		"F886F724ED4C81ABF6BF525A" = {
			"isa" = "PBXBuildFile";
			"fileRef" = "D33ABE71811F44994AFE3116";
		};
		"83B82D624A6211BEBE07C199" = {
			"isa" = "PBXFileReference";
			"lastKnownFileType" = "sourcecode.swift";
			"path" = "WaveAPITests.swift";
			"sourceTree" = "<group>";
		};
		"F796EB69FC8F13C3717B8069" = {
			"isa" = "PBXBuildFile";
			"fileRef" = "83B82D624A6211BEBE07C199";
		};
		"B813B67648B84CF65286ED24" = {
			"isa" = "PBXFileReference";
			"lastKnownFileType" = "sourcecode.swift";
			"path" = "WaveformTests.swift";
			"sourceTree" = "<group>";
		};
		"61BF89652E0F19F9F31527CF" = {
			"isa" = "PBXBuildFile";
			"fileRef" = "B813B67648B84CF65286ED24";
		};
		"F0ABACC50C8662519A8D89AA" = {
			"isa" = "PBXGroup";
			"children" = (
				"144228E8C0C7EC621C95B587",
				"F2182E693135FCC4FE56A346",
				"3BE3C8638A19C8A21EF9B5AB",
				"FE404EAE53A59C94E5B8C9B0",
				"D33ABE71811F44994AFE3116",
				"83B82D624A6211BEBE07C199",
				"B813B67648B84CF65286ED24",
			);
			"path" = "WaveTests";
			"sourceTree" = "<group>";
		};
		"E2FCDD59F437AB3A04834B85" = {
			"isa" = "PBXSourcesBuildPhase";
			"buildActionMask" = 2147483647;
			"files" = (
				"D28F1B1138D96A8A47BBAEF0",
				"C3DAC4B44C0FB67A0111F48A",
				"4F1F29ACB2101D2C79721018",
				"E6CBA3B56557F8E4D3258404",
				"F886F724ED4C81ABF6BF525A",
				"F796EB69FC8F13C3717B8069",
				"61BF89652E0F19F9F31527CF",
			);
			"runOnlyForDeploymentPostprocessing" = 0;
		};
		"A0D487A08589C6C3E4A08605" = {
			"isa" = "PBXFrameworksBuildPhase";
			"buildActionMask" = 2147483647;
			"files" = (
			);
			"runOnlyForDeploymentPostprocessing" = 0;
		};
		"E88929C56981FBB07BEE4A07" = {
			"isa" = "PBXResourcesBuildPhase";
			"buildActionMask" = 2147483647;
			"files" = (
			);
			"runOnlyForDeploymentPostprocessing" = 0;
		};
		"849C956CC30689F4C10DA2E8" = {
			"isa" = "PBXFileReference";
			"lastKnownFileType" = "text.plist.xml";
			"path" = "Info.plist";
			"sourceTree" = "<group>";
		};
		"FA2C5A05C585FA51DA8CC500" = {
			"isa" = "PBXGroup";
			"children" = (
				"F40E06A43B6A600C0C229433",
				"C83989503CE788E72DA832AC",
			);
			"name" = "Products";
			"sourceTree" = "<group>";
		};
		"104038AB575FCD4867E6A8D7" = {
			"isa" = "PBXGroup";
			"children" = (
				"2E5B5A2640EEA2B556E3063F",
				"F0ABACC50C8662519A8D89AA",
				"849C956CC30689F4C10DA2E8",
				"FA2C5A05C585FA51DA8CC500",
			);
			"sourceTree" = "<group>";
		};
		"CFA241D1734376DBB044037B" = {
			"isa" = "PBXContainerItemProxy";
			"containerPortal" = "E4552123D0C149DFE8506873";
			"proxyType" = 1;
			"remoteGlobalIDString" = "DF4465466BAF44CDA57A94D8";
			"remoteInfo" = "Wave";
		};
		"489E47602C88E88F7A126704" = {
			"isa" = "PBXTargetDependency";
			"target" = "DF4465466BAF44CDA57A94D8";
			"targetProxy" = "CFA241D1734376DBB044037B";
		};
		"A3396D4822C8E346DAE9C57D" = {
			"isa" = "XCBuildConfiguration";
			"buildSettings" = {
				"SDKROOT" = "iphoneos";
				"IPHONEOS_DEPLOYMENT_TARGET" = "17.0";
				"SWIFT_VERSION" = "5.0";
				"TARGETED_DEVICE_FAMILY" = "1,2";
				"CLANG_ENABLE_MODULES" = "YES";
				"CODE_SIGN_STYLE" = "Automatic";
				"MARKETING_VERSION" = "0.7.3";
				"CURRENT_PROJECT_VERSION" = "16";
				"PRODUCT_NAME" = "$(TARGET_NAME)";
				"PRODUCT_BUNDLE_IDENTIFIER" = "app.wave.music.ios";
				"INFOPLIST_FILE" = "Info.plist";
				"GENERATE_INFOPLIST_FILE" = "NO";
				"LD_RUNPATH_SEARCH_PATHS" = (
					"$(inherited)",
					"@executable_path/Frameworks",
				);
				"SWIFT_OPTIMIZATION_LEVEL" = "-Onone";
				"SWIFT_ACTIVE_COMPILATION_CONDITIONS" = "DEBUG";
				"ENABLE_TESTABILITY" = "YES";
			};
			"name" = "Debug";
		};
		"C92024EF90B9EA8F1D640E8C" = {
			"isa" = "XCBuildConfiguration";
			"buildSettings" = {
				"SDKROOT" = "iphoneos";
				"IPHONEOS_DEPLOYMENT_TARGET" = "17.0";
				"SWIFT_VERSION" = "5.0";
				"TARGETED_DEVICE_FAMILY" = "1,2";
				"CLANG_ENABLE_MODULES" = "YES";
				"CODE_SIGN_STYLE" = "Automatic";
				"MARKETING_VERSION" = "0.7.3";
				"CURRENT_PROJECT_VERSION" = "16";
				"PRODUCT_NAME" = "$(TARGET_NAME)";
				"PRODUCT_BUNDLE_IDENTIFIER" = "app.wave.music.ios";
				"INFOPLIST_FILE" = "Info.plist";
				"GENERATE_INFOPLIST_FILE" = "NO";
				"LD_RUNPATH_SEARCH_PATHS" = (
					"$(inherited)",
					"@executable_path/Frameworks",
				);
				"SWIFT_OPTIMIZATION_LEVEL" = "-O";
			};
			"name" = "Release";
		};
		"D72CD78C79990672408C2749" = {
			"isa" = "XCConfigurationList";
			"buildConfigurations" = (
				"A3396D4822C8E346DAE9C57D",
				"C92024EF90B9EA8F1D640E8C",
			);
			"defaultConfigurationIsVisible" = 0;
			"defaultConfigurationName" = "Release";
		};
		"DF4465466BAF44CDA57A94D8" = {
			"isa" = "PBXNativeTarget";
			"buildConfigurationList" = "D72CD78C79990672408C2749";
			"buildPhases" = (
				"6CAEF9BD1CC225D0D773FB8E",
				"0D37A43789A53AE543B5C857",
				"D46CD337E140AE69A37F844F",
			);
			"buildRules" = (
			);
			"dependencies" = (
			);
			"name" = "Wave";
			"productName" = "Wave";
			"productReference" = "F40E06A43B6A600C0C229433";
			"productType" = "com.apple.product-type.application";
		};
		"D9B25CE3BF7E0E3C79B1F95F" = {
			"isa" = "XCBuildConfiguration";
			"buildSettings" = {
				"SDKROOT" = "iphoneos";
				"IPHONEOS_DEPLOYMENT_TARGET" = "17.0";
				"SWIFT_VERSION" = "5.0";
				"TARGETED_DEVICE_FAMILY" = "1,2";
				"CLANG_ENABLE_MODULES" = "YES";
				"CODE_SIGN_STYLE" = "Automatic";
				"MARKETING_VERSION" = "0.7.3";
				"CURRENT_PROJECT_VERSION" = "16";
				"PRODUCT_NAME" = "$(TARGET_NAME)";
				"PRODUCT_BUNDLE_IDENTIFIER" = "app.wave.music.ios.tests";
				"GENERATE_INFOPLIST_FILE" = "YES";
				"TEST_HOST" = "$(BUILT_PRODUCTS_DIR)/Wave.app/Wave";
				"BUNDLE_LOADER" = "$(TEST_HOST)";
				"LD_RUNPATH_SEARCH_PATHS" = (
					"$(inherited)",
					"@executable_path/Frameworks",
					"@loader_path/Frameworks",
				);
				"SWIFT_OPTIMIZATION_LEVEL" = "-Onone";
				"SWIFT_ACTIVE_COMPILATION_CONDITIONS" = "DEBUG";
				"ENABLE_TESTABILITY" = "YES";
			};
			"name" = "Debug";
		};
		"AAF01D2AB123E344CD429F05" = {
			"isa" = "XCBuildConfiguration";
			"buildSettings" = {
				"SDKROOT" = "iphoneos";
				"IPHONEOS_DEPLOYMENT_TARGET" = "17.0";
				"SWIFT_VERSION" = "5.0";
				"TARGETED_DEVICE_FAMILY" = "1,2";
				"CLANG_ENABLE_MODULES" = "YES";
				"CODE_SIGN_STYLE" = "Automatic";
				"MARKETING_VERSION" = "0.7.3";
				"CURRENT_PROJECT_VERSION" = "16";
				"PRODUCT_NAME" = "$(TARGET_NAME)";
				"PRODUCT_BUNDLE_IDENTIFIER" = "app.wave.music.ios.tests";
				"GENERATE_INFOPLIST_FILE" = "YES";
				"TEST_HOST" = "$(BUILT_PRODUCTS_DIR)/Wave.app/Wave";
				"BUNDLE_LOADER" = "$(TEST_HOST)";
				"LD_RUNPATH_SEARCH_PATHS" = (
					"$(inherited)",
					"@executable_path/Frameworks",
					"@loader_path/Frameworks",
				);
				"SWIFT_OPTIMIZATION_LEVEL" = "-O";
			};
			"name" = "Release";
		};
		"97182F92CC640996E2BE4050" = {
			"isa" = "XCConfigurationList";
			"buildConfigurations" = (
				"D9B25CE3BF7E0E3C79B1F95F",
				"AAF01D2AB123E344CD429F05",
			);
			"defaultConfigurationIsVisible" = 0;
			"defaultConfigurationName" = "Release";
		};
		"934DC2C1754E64A212CBBEE3" = {
			"isa" = "PBXNativeTarget";
			"buildConfigurationList" = "97182F92CC640996E2BE4050";
			"buildPhases" = (
				"E2FCDD59F437AB3A04834B85",
				"A0D487A08589C6C3E4A08605",
				"E88929C56981FBB07BEE4A07",
			);
			"buildRules" = (
			);
			"dependencies" = (
				"489E47602C88E88F7A126704",
			);
			"name" = "WaveTests";
			"productName" = "WaveTests";
			"productReference" = "C83989503CE788E72DA832AC";
			"productType" = "com.apple.product-type.bundle.unit-test";
		};
		"89B4977CD3A2F41C3BBD9E55" = {
			"isa" = "XCBuildConfiguration";
			"buildSettings" = {
				"CLANG_ENABLE_MODULES" = "YES";
				"SWIFT_OPTIMIZATION_LEVEL" = "-Onone";
				"SWIFT_ACTIVE_COMPILATION_CONDITIONS" = "DEBUG";
				"ENABLE_TESTABILITY" = "YES";
			};
			"name" = "Debug";
		};
		"C8BB7B752631F8F340871942" = {
			"isa" = "XCBuildConfiguration";
			"buildSettings" = {
				"CLANG_ENABLE_MODULES" = "YES";
				"SWIFT_OPTIMIZATION_LEVEL" = "-O";
			};
			"name" = "Release";
		};
		"37A365CE75722DE0CD575D36" = {
			"isa" = "XCConfigurationList";
			"buildConfigurations" = (
				"89B4977CD3A2F41C3BBD9E55",
				"C8BB7B752631F8F340871942",
			);
			"defaultConfigurationIsVisible" = 0;
			"defaultConfigurationName" = "Release";
		};
		"E4552123D0C149DFE8506873" = {
			"isa" = "PBXProject";
			"attributes" = {
				"BuildIndependentTargetsInParallel" = "YES";
				"LastUpgradeCheck" = "1600";
				"TargetAttributes" = {
					"DF4465466BAF44CDA57A94D8" = {
						"CreatedOnToolsVersion" = "16.0";
					};
					"934DC2C1754E64A212CBBEE3" = {
						"CreatedOnToolsVersion" = "16.0";
						"TestTargetID" = "DF4465466BAF44CDA57A94D8";
					};
				};
			};
			"buildConfigurationList" = "37A365CE75722DE0CD575D36";
			"compatibilityVersion" = "Xcode 14.0";
			"developmentRegion" = "es";
			"hasScannedForEncodings" = 0;
			"knownRegions" = (
				"es",
				"en",
				"Base",
			);
			"mainGroup" = "104038AB575FCD4867E6A8D7";
			"productRefGroup" = "FA2C5A05C585FA51DA8CC500";
			"projectDirPath" = "";
			"projectRoot" = "";
			"targets" = (
				"DF4465466BAF44CDA57A94D8",
				"934DC2C1754E64A212CBBEE3",
			);
		};
	};
	"rootObject" = "E4552123D0C149DFE8506873";
}
